
Microsoft Visual Studio Solution File, Format Version 12.00
# Visual Studio Version 17
VisualStudioVersion = 17.14.36717.8
MinimumVisualStudioVersion = 10.0.40219.1
Project("{FAE04EC0-301F-11D3-BF4B-00C04F79EFBC}") = "TaxiMoWebAPI", "TaxiMoWebAPI\TaxiMoWebAPI.csproj", "{C15FF132-49D3-476E-86DA-35271D5E53F6}"
EndProject
Project("{FAE04EC0-301F-11D3-BF4B-00C04F79EFBC}") = "TaxiMo.Model", "TaxiMo.Model\TaxiMo.Model.csproj", "{26F19504-D25B-49FF-B267-2139760E335E}"
EndProject
Project("{FAE04EC0-301F-11D3-BF4B-00C04F79EFBC}") = "TaxiMo.Services", "TaxiMo.Services\TaxiMo.Services.csproj", "{58EB8D95-9513-4D0A-8654-4018762325B2}"
EndProject
Project("{FAE04EC0-301F-11D3-BF4B-00C04F79EFBC}") = "Subscriber", "Subscriber\Subscriber.csproj", "{104AAA2A-C6CA-4BF0-B935-C9EBE273CE2D}"
EndProject
Global
	GlobalSection(SolutionConfigurationPlatforms) = preSolution
		Debug|Any CPU = Debug|Any CPU
		Release|Any CPU = Release|Any CPU
	EndGlobalSection
	GlobalSection(ProjectConfigurationPlatforms) = postSolution
		{C15FF132-49D3-476E-86DA-35271D5E53F6}.Debug|Any CPU.ActiveCfg = Debug|Any CPU
		{C15FF132-49D3-476E-86DA-35271D5E53F6}.Debug|Any CPU.Build.0 = Debug|Any CPU
		{C15FF132-49D3-476E-86DA-35271D5E53F6}.Release|Any CPU.ActiveCfg = Release|Any CPU
		{C15FF132-49D3-476E-86DA-35271D5E53F6}.Release|Any CPU.Build.0 = Release|Any CPU
		{26F19504-D25B-49FF-B267-2139760E335E}.Debug|Any CPU.ActiveCfg = Debug|Any CPU
		{26F19504-D25B-49FF-B267-2139760E335E}.Debug|Any CPU.Build.0 = Debug|Any CPU
		{26F19504-D25B-49FF-B267-2139760E335E}.Release|Any CPU.ActiveCfg = Release|Any CPU
		{26F19504-D25B-49FF-B267-2139760E335E}.Release|Any CPU.Build.0 = Release|Any CPU
		{58EB8D95-9513-4D0A-8654-4018762325B2}.Debug|Any CPU.ActiveCfg = Debug|Any CPU
		{58EB8D95-9513-4D0A-8654-4018762325B2}.Debug|Any CPU.Build.0 = Debug|Any CPU
		{58EB8D95-9513-4D0A-8654-4018762325B2}.Release|Any CPU.ActiveCfg = Release|Any CPU
		{58EB8D95-9513-4D0A-8654-4018762325B2}.Release|Any CPU.Build.0 = Release|Any CPU
		{104AAA2A-C6CA-4BF0-B935-C9EBE273CE2D}.Debug|Any CPU.ActiveCfg = Debug|Any CPU
		{104AAA2A-C6CA-4BF0-B935-C9EBE273CE2D}.Debug|Any CPU.Build.0 = Debug|Any CPU
		{104AAA2A-C6CA-4BF0-B935-C9EBE273CE2D}.Release|Any CPU.ActiveCfg = Release|Any CPU
		{104AAA2A-C6CA-4BF0-B935-C9EBE273CE2D}.Release|Any CPU.Build.0 = Release|Any CPU
	EndGlobalSection
	GlobalSection(SolutionProperties) = preSolution
		HideSolutionNode = FALSE
	EndGlobalSection
	GlobalSection(ExtensibilityGlobals) = postSolution
		SolutionGuid = {D851F386-F1FA-4985-8EDA-89FEACB6B477}
	EndGlobalSection
EndGlobal
